{
  "name": "rems",
  "lockfileVersion": 3,
  "requires": true,
  "packages": {
    "": {
      "name": "rems",
      "workspaces": [
        "app",
        "ui"
      ],
      "engines": {
        "node": "18.14"
      }
    },
    "app": {
      "name": "@rems/app",
      "version": "0.1.0",
      "extraneous": true,
      "dependencies": {
        "@types/node": "18.15.3",
        "@types/react": "18.0.28",
        "@types/react-dom": "18.0.11",
        "next": "13.2.4",
        "react": "18.2.0",
        "react-dom": "18.2.0",
        "the-new-css-reset": "^1.8.4",
        "typescript": "5.0.2"
      }
    },
    "ui": {
      "version": "0.1.0",
      "extraneous": true,
      "dependencies": {
        "@types/node": "18.15.3",
        "@types/react": "18.0.28",
        "@types/react-dom": "18.0.11",
        "next": "13.2.4",
        "react": "18.2.0",
        "react-dom": "18.2.0",
        "typescript": "5.0.2"
      }
    }
  }
}
